
Microsoft Visual Studio Solution File, Format Version 12.00
# Visual Studio Version 16
VisualStudioVersion = 16.0.30717.126
MinimumVisualStudioVersion = 10.0.40219.1
Project("{FAE04EC0-301F-11D3-BF4B-00C04F79EFBC}") = "CustomWebViewApp.Android", "CustomWebViewApp\CustomWebViewApp.Android\CustomWebViewApp.Android.csproj", "{D1565685-7E13-46AF-97DC-7A26B60A26AA}"
EndProject
Project("{FAE04EC0-301F-11D3-BF4B-00C04F79EFBC}") = "CustomWebViewApp.iOS", "CustomWebViewApp\CustomWebViewApp.iOS\CustomWebViewApp.iOS.csproj", "{D2C6FD92-4807-48C1-BB57-75BC8FAEDA22}"
EndProject
Project("{FAE04EC0-301F-11D3-BF4B-00C04F79EFBC}") = "CustomWebViewApp", "CustomWebViewApp\CustomWebViewApp\CustomWebViewApp.csproj", "{516E32F3-3475-4F0F-AFE9-31115538DAC5}"
EndProject
Global
	GlobalSection(SolutionConfigurationPlatforms) = preSolution
		Debug|Any CPU = Debug|Any CPU
		Debug|iPhone = Debug|iPhone
		Debug|iPhoneSimulator = Debug|iPhoneSimulator
		Release|Any CPU = Release|Any CPU
		Release|iPhone = Release|iPhone
		Release|iPhoneSimulator = Release|iPhoneSimulator
	EndGlobalSection
	GlobalSection(ProjectConfigurationPlatforms) = postSolution
		{D1565685-7E13-46AF-97DC-7A26B60A26AA}.Debug|Any CPU.ActiveCfg = Debug|Any CPU
		{D1565685-7E13-46AF-97DC-7A26B60A26AA}.Debug|Any CPU.Build.0 = Debug|Any CPU
		{D1565685-7E13-46AF-97DC-7A26B60A26AA}.Debug|Any CPU.Deploy.0 = Debug|Any CPU
		{D1565685-7E13-46AF-97DC-7A26B60A26AA}.Debug|iPhone.ActiveCfg = Debug|Any CPU
		{D1565685-7E13-46AF-97DC-7A26B60A26AA}.Debug|iPhone.Build.0 = Debug|Any CPU
		{D1565685-7E13-46AF-97DC-7A26B60A26AA}.Debug|iPhone.Deploy.0 = Debug|Any CPU
		{D1565685-7E13-46AF-97DC-7A26B60A26AA}.Debug|iPhoneSimulator.ActiveCfg = Debug|Any CPU
		{D1565685-7E13-46AF-97DC-7A26B60A26AA}.Debug|iPhoneSimulator.Build.0 = Debug|Any CPU
		{D1565685-7E13-46AF-97DC-7A26B60A26AA}.Debug|iPhoneSimulator.Deploy.0 = Debug|Any CPU
		{D1565685-7E13-46AF-97DC-7A26B60A26AA}.Release|Any CPU.ActiveCfg = Release|Any CPU
		{D1565685-7E13-46AF-97DC-7A26B60A26AA}.Release|Any CPU.Build.0 = Release|Any CPU
		{D1565685-7E13-46AF-97DC-7A26B60A26AA}.Release|Any CPU.Deploy.0 = Release|Any CPU
		{D1565685-7E13-46AF-97DC-7A26B60A26AA}.Release|iPhone.ActiveCfg = Release|Any CPU
		{D1565685-7E13-46AF-97DC-7A26B60A26AA}.Release|iPhone.Build.0 = Release|Any CPU
		{D1565685-7E13-46AF-97DC-7A26B60A26AA}.Release|iPhone.Deploy.0 = Release|Any CPU
		{D1565685-7E13-46AF-97DC-7A26B60A26AA}.Release|iPhoneSimulator.ActiveCfg = Release|Any CPU
		{D1565685-7E13-46AF-97DC-7A26B60A26AA}.Release|iPhoneSimulator.Build.0 = Release|Any CPU
		{D1565685-7E13-46AF-97DC-7A26B60A26AA}.Release|iPhoneSimulator.Deploy.0 = Release|Any CPU
		{D2C6FD92-4807-48C1-BB57-75BC8FAEDA22}.Debug|Any CPU.ActiveCfg = Debug|iPhone
		{D2C6FD92-4807-48C1-BB57-75BC8FAEDA22}.Debug|Any CPU.Build.0 = Debug|iPhone
		{D2C6FD92-4807-48C1-BB57-75BC8FAEDA22}.Debug|Any CPU.Deploy.0 = Debug|iPhone
		{D2C6FD92-4807-48C1-BB57-75BC8FAEDA22}.Debug|iPhone.ActiveCfg = Debug|iPhone
		{D2C6FD92-4807-48C1-BB57-75BC8FAEDA22}.Debug|iPhone.Build.0 = Debug|iPhone
		{D2C6FD92-4807-48C1-BB57-75BC8FAEDA22}.Debug|iPhone.Deploy.0 = Debug|iPhone
		{D2C6FD92-4807-48C1-BB57-75BC8FAEDA22}.Debug|iPhoneSimulator.ActiveCfg = Debug|iPhoneSimulator
		{D2C6FD92-4807-48C1-BB57-75BC8FAEDA22}.Debug|iPhoneSimulator.Build.0 = Debug|iPhoneSimulator
		{D2C6FD92-4807-48C1-BB57-75BC8FAEDA22}.Debug|iPhoneSimulator.Deploy.0 = Debug|iPhoneSimulator
		{D2C6FD92-4807-48C1-BB57-75BC8FAEDA22}.Release|Any CPU.ActiveCfg = Release|iPhoneSimulator
		{D2C6FD92-4807-48C1-BB57-75BC8FAEDA22}.Release|Any CPU.Build.0 = Release|iPhoneSimulator
		{D2C6FD92-4807-48C1-BB57-75BC8FAEDA22}.Release|Any CPU.Deploy.0 = Release|iPhoneSimulator
		{D2C6FD92-4807-48C1-BB57-75BC8FAEDA22}.Release|iPhone.ActiveCfg = Release|iPhone
		{D2C6FD92-4807-48C1-BB57-75BC8FAEDA22}.Release|iPhone.Build.0 = Release|iPhone
		{D2C6FD92-4807-48C1-BB57-75BC8FAEDA22}.Release|iPhone.Deploy.0 = Release|iPhone
		{D2C6FD92-4807-48C1-BB57-75BC8FAEDA22}.Release|iPhoneSimulator.ActiveCfg = Release|iPhoneSimulator
		{D2C6FD92-4807-48C1-BB57-75BC8FAEDA22}.Release|iPhoneSimulator.Build.0 = Release|iPhoneSimulator
		{D2C6FD92-4807-48C1-BB57-75BC8FAEDA22}.Release|iPhoneSimulator.Deploy.0 = Release|iPhoneSimulator
		{516E32F3-3475-4F0F-AFE9-31115538DAC5}.Debug|Any CPU.ActiveCfg = Debug|Any CPU
		{516E32F3-3475-4F0F-AFE9-31115538DAC5}.Debug|Any CPU.Build.0 = Debug|Any CPU
		{516E32F3-3475-4F0F-AFE9-31115538DAC5}.Debug|Any CPU.Deploy.0 = Debug|Any CPU
		{516E32F3-3475-4F0F-AFE9-31115538DAC5}.Debug|iPhone.ActiveCfg = Debug|Any CPU
		{516E32F3-3475-4F0F-AFE9-31115538DAC5}.Debug|iPhone.Build.0 = Debug|Any CPU
		{516E32F3-3475-4F0F-AFE9-31115538DAC5}.Debug|iPhone.Deploy.0 = Debug|Any CPU
		{516E32F3-3475-4F0F-AFE9-31115538DAC5}.Debug|iPhoneSimulator.ActiveCfg = Debug|Any CPU
		{516E32F3-3475-4F0F-AFE9-31115538DAC5}.Debug|iPhoneSimulator.Build.0 = Debug|Any CPU
		{516E32F3-3475-4F0F-AFE9-31115538DAC5}.Debug|iPhoneSimulator.Deploy.0 = Debug|Any CPU
		{516E32F3-3475-4F0F-AFE9-31115538DAC5}.Release|Any CPU.ActiveCfg = Release|Any CPU
		{516E32F3-3475-4F0F-AFE9-31115538DAC5}.Release|Any CPU.Build.0 = Release|Any CPU
		{516E32F3-3475-4F0F-AFE9-31115538DAC5}.Release|Any CPU.Deploy.0 = Release|Any CPU
		{516E32F3-3475-4F0F-AFE9-31115538DAC5}.Release|iPhone.ActiveCfg = Release|Any CPU
		{516E32F3-3475-4F0F-AFE9-31115538DAC5}.Release|iPhone.Build.0 = Release|Any CPU
		{516E32F3-3475-4F0F-AFE9-31115538DAC5}.Release|iPhone.Deploy.0 = Release|Any CPU
		{516E32F3-3475-4F0F-AFE9-31115538DAC5}.Release|iPhoneSimulator.ActiveCfg = Release|Any CPU
		{516E32F3-3475-4F0F-AFE9-31115538DAC5}.Release|iPhoneSimulator.Build.0 = Release|Any CPU
		{516E32F3-3475-4F0F-AFE9-31115538DAC5}.Release|iPhoneSimulator.Deploy.0 = Release|Any CPU
	EndGlobalSection
	GlobalSection(SolutionProperties) = preSolution
		HideSolutionNode = FALSE
	EndGlobalSection
	GlobalSection(ExtensibilityGlobals) = postSolution
		SolutionGuid = {16CC4930-58F4-4649-BA7D-7275368EB336}
	EndGlobalSection
EndGlobal
